{
  "requires": true,
  "lockfileVersion": 1,
  "dependencies": {
    "@types/lodash": {
      "version": "4.14.123",
      "resolved": "http://registry.npm.taobao.org/@types/lodash/download/@types/lodash-4.14.123.tgz",
      "integrity": "sha1-Ob5dIRR4yN072umO51u37+Sr/k0=",
      "dev": true
    },
    "@types/marked": {
      "version": "0.6.3",
      "resolved": "http://registry.npm.taobao.org/@types/marked/download/@types/marked-0.6.3.tgz",
      "integrity": "sha1-8jy6WwQXiki27GeoZrF9pNpKbws="
    },
    "@types/node": {
      "version": "11.11.5",
      "resolved": "http://registry.npm.taobao.org/@types/node/download/@types/node-11.11.5.tgz",
      "integrity": "sha1-DFfhLrRNROW2c1WTklKGVT7nzr8="
    },
    "commander": {
      "version": "2.19.0",
      "resolved": "http://registry.npm.taobao.org/commander/download/commander-2.19.0.tgz",
      "integrity": "sha1-9hmKqE5bg8RgVLlN3tv+1e6f8So="
    },
    "lodash": {
      "version": "4.17.11",
      "resolved": "http://registry.npm.taobao.org/lodash/download/lodash-4.17.11.tgz",
      "integrity": "sha1-s56mIp72B+zYniyN8SU2iRysm40="
    },
    "marked": {
      "version": "0.6.1",
      "resolved": "http://registry.npm.taobao.org/marked/download/marked-0.6.1.tgz",
      "integrity": "sha1-pjrd3kd7ypYTAo3ksrw2KeU6BWI="
    }
  }
}
