{
  "requires": true,
  "lockfileVersion": 1,
  "dependencies": {
    "@types/commander": {
      "version": "2.12.2",
      "resolved": "http://registry.npm.taobao.org/@types/commander/download/@types/commander-2.12.2.tgz",
      "integrity": "sha1-GDBBojhC1CgUePpdI8XKeOb9CK4=",
      "requires": {
        "commander": "*"
      }
    },
    "@types/lodash": {
      "version": "4.14.120",
      "resolved": "http://registry.npm.taobao.org/@types/lodash/download/@types/lodash-4.14.120.tgz",
      "integrity": "sha1-zyZdBvbHpxDbCH7QdSOrjBokBHs="
    },
    "@types/marked": {
      "version": "0.6.0",
      "resolved": "http://registry.npm.taobao.org/@types/marked/download/@types/marked-0.6.0.tgz",
      "integrity": "sha1-5KwxYUSoSv2lwkdEiNe5/vOrmZU="
    },
    "@types/node": {
      "version": "10.12.21",
      "resolved": "http://registry.npm.taobao.org/@types/node/download/@types/node-10.12.21.tgz",
      "integrity": "sha1-fooMNM8p9OF6Num9DqctRboDkI4="
    },
    "commander": {
      "version": "2.19.0",
      "resolved": "http://registry.npm.taobao.org/commander/download/commander-2.19.0.tgz",
      "integrity": "sha1-9hmKqE5bg8RgVLlN3tv+1e6f8So="
    },
    "lodash": {
      "version": "4.17.11",
      "resolved": "http://registry.npm.taobao.org/lodash/download/lodash-4.17.11.tgz",
      "integrity": "sha1-s56mIp72B+zYniyN8SU2iRysm40=",
      "dev": true
    },
    "marked": {
      "version": "0.6.0",
      "resolved": "http://registry.npm.taobao.org/marked/download/marked-0.6.0.tgz",
      "integrity": "sha1-oY0Bz9z40Vw8RVtxyDKeXg8B+qE="
    }
  }
}
